
Microsoft Visual Studio Solution File, Format Version 12.00
# Visual Studio Version 16
VisualStudioVersion = 16.0.30907.101
MinimumVisualStudioVersion = 10.0.40219.1
Project("{FAE04EC0-301F-11D3-BF4B-00C04F79EFBC}") = "CO-STEP", "CO-STEP\CO-STEP.csproj", "{02C970B2-9942-4448-B2F2-A36788CBBF14}"
EndProject
Global
	GlobalSection(SolutionConfigurationPlatforms) = preSolution
		Debug|Any CPU = Debug|Any CPU
		Release|Any CPU = Release|Any CPU
	EndGlobalSection
	GlobalSection(ProjectConfigurationPlatforms) = postSolution
		{02C970B2-9942-4448-B2F2-A36788CBBF14}.Debug|Any CPU.ActiveCfg = Debug|Any CPU
		{02C970B2-9942-4448-B2F2-A36788CBBF14}.Debug|Any CPU.Build.0 = Debug|Any CPU
		{02C970B2-9942-4448-B2F2-A36788CBBF14}.Release|Any CPU.ActiveCfg = Release|Any CPU
		{02C970B2-9942-4448-B2F2-A36788CBBF14}.Release|Any CPU.Build.0 = Release|Any CPU
	EndGlobalSection
	GlobalSection(SolutionProperties) = preSolution
		HideSolutionNode = FALSE
	EndGlobalSection
	GlobalSection(ExtensibilityGlobals) = postSolution
		SolutionGuid = {53F9FD3E-F79E-4ED1-B311-66027C1544AF}
	EndGlobalSection
EndGlobal
